
Microsoft Visual Studio Solution File, Format Version 12.00
# Visual Studio Version 16
VisualStudioVersion = 16.0.30804.86
MinimumVisualStudioVersion = 10.0.40219.1
Project("{FAE04EC0-301F-11D3-BF4B-00C04F79EFBC}") = "Kit MVVM", "Kit MVVM\Kit MVVM.csproj", "{71B570E6-FF87-44E5-9A16-93B2D0D694CD}"
EndProject
Global
	GlobalSection(SolutionConfigurationPlatforms) = preSolution
		Debug|Any CPU = Debug|Any CPU
		Release|Any CPU = Release|Any CPU
	EndGlobalSection
	GlobalSection(ProjectConfigurationPlatforms) = postSolution
		{71B570E6-FF87-44E5-9A16-93B2D0D694CD}.Debug|Any CPU.ActiveCfg = Debug|Any CPU
		{71B570E6-FF87-44E5-9A16-93B2D0D694CD}.Debug|Any CPU.Build.0 = Debug|Any CPU
		{71B570E6-FF87-44E5-9A16-93B2D0D694CD}.Release|Any CPU.ActiveCfg = Release|Any CPU
		{71B570E6-FF87-44E5-9A16-93B2D0D694CD}.Release|Any CPU.Build.0 = Release|Any CPU
	EndGlobalSection
	GlobalSection(SolutionProperties) = preSolution
		HideSolutionNode = FALSE
	EndGlobalSection
	GlobalSection(ExtensibilityGlobals) = postSolution
		SolutionGuid = {28495965-FDCA-4E2D-97DB-F69795749381}
	EndGlobalSection
EndGlobal
